NeoBundleLock ctrlp.vim 5f317f0285c279ca77acea37e9e746111a0ecfe2
NeoBundleLock dracula-theme e011ccf2df9572fe53d058bf76dc63f1f794ed20
NeoBundleLock neobundle.vim 108ce2c80e0af6898f967f4df7ff189368351ff6
NeoBundleLock neosnippet-snippets a34e67d4b3f91bf2320cd7ce1e85bbd300c6095e
NeoBundleLock neosnippet.vim e619d43571a675057461f29f2c039dab64728f32
NeoBundleLock nerdtree bcf3de4fdffae45fc7c85b6b84a01b37177924aa
NeoBundleLock vim-colorschemes 28a989b28457e38df620e4c7ab23e224aff70efe
NeoBundleLock vim-easymotion 0806257ca6432ac7beb75c4319dadf7f3ba9907b
NeoBundleLock vim-fugitive b319b694539017dcd789dc2c42f784a30d7b28b8
NeoBundleLock vimshell 3787e52766812d8b99a93ccdda57517bc2a0bab6
